// !$*UTF8*$!
{
	archiveVersion = 1;
	classes = {
	};
	objectVersion = 51;
	objects = {

/* Begin PBXBuildFile section */
		7DBA6E4E1BB95FC1ED20DE1E /* Pods_Music_API.framework in Frameworks */ = {isa = PBXBuildFile; fileRef = E896348B91FAC64DC70ACD8B /* Pods_Music_API.framework */; };
		E763245C2628331E00F0598B /* AppDelegate.swift in Sources */ = {isa = PBXBuildFile; fileRef = E763245B2628331E00F0598B /* AppDelegate.swift */; };
		E763245E2628331F00F0598B /* SceneDelegate.swift in Sources */ = {isa = PBXBuildFile; fileRef = E763245D2628331E00F0598B /* SceneDelegate.swift */; };
		E76324602628331F00F0598B /* ViewController.swift in Sources */ = {isa = PBXBuildFile; fileRef = E763245F2628331F00F0598B /* ViewController.swift */; };
		E76324632628331F00F0598B /* Main.storyboard in Resources */ = {isa = PBXBuildFile; fileRef = E76324612628331F00F0598B /* Main.storyboard */; };
		E76324652628331F00F0598B /* Assets.xcassets in Resources */ = {isa = PBXBuildFile; fileRef = E76324642628331F00F0598B /* Assets.xcassets */; };
		E76324682628331F00F0598B /* LaunchScreen.storyboard in Resources */ = {isa = PBXBuildFile; fileRef = E76324662628331F00F0598B /* LaunchScreen.storyboard */; };
		E76324802628524500F0598B /* APIManager.swift in Sources */ = {isa = PBXBuildFile; fileRef = E763247F2628524500F0598B /* APIManager.swift */; };
		E76324832628529600F0598B /* MusicModel.swift in Sources */ = {isa = PBXBuildFile; fileRef = E76324822628529600F0598B /* MusicModel.swift */; };
		E76324932628534100F0598B /* Constants.swift in Sources */ = {isa = PBXBuildFile; fileRef = E76324922628534100F0598B /* Constants.swift */; };
		E763249926285A6D00F0598B /* Global.swift in Sources */ = {isa = PBXBuildFile; fileRef = E763249826285A6D00F0598B /* Global.swift */; };
		E763249C26286B8900F0598B /* MusicListViewController.swift in Sources */ = {isa = PBXBuildFile; fileRef = E763249B26286B8900F0598B /* MusicListViewController.swift */; };
/* End PBXBuildFile section */

/* Begin PBXFileReference section */
		8B18F43BF85BFD161D198F94 /* Pods-Music_API.debug.xcconfig */ = {isa = PBXFileReference; includeInIndex = 1; lastKnownFileType = text.xcconfig; name = "Pods-Music_API.debug.xcconfig"; path = "Target Support Files/Pods-Music_API/Pods-Music_API.debug.xcconfig"; sourceTree = "<group>"; };
		9AAD79AB39B1D35733ED1E53 /* Pods-Music_API.release.xcconfig */ = {isa = PBXFileReference; includeInIndex = 1; lastKnownFileType = text.xcconfig; name = "Pods-Music_API.release.xcconfig"; path = "Target Support Files/Pods-Music_API/Pods-Music_API.release.xcconfig"; sourceTree = "<group>"; };
		E76324582628331E00F0598B /* Music_API.app */ = {isa = PBXFileReference; explicitFileType = wrapper.application; includeInIndex = 0; path = Music_API.app; sourceTree = BUILT_PRODUCTS_DIR; };
		E763245B2628331E00F0598B /* AppDelegate.swift */ = {isa = PBXFileReference; lastKnownFileType = sourcecode.swift; path = AppDelegate.swift; sourceTree = "<group>"; };
		E763245D2628331E00F0598B /* SceneDelegate.swift */ = {isa = PBXFileReference; lastKnownFileType = sourcecode.swift; path = SceneDelegate.swift; sourceTree = "<group>"; };
		E763245F2628331F00F0598B /* ViewController.swift */ = {isa = PBXFileReference; lastKnownFileType = sourcecode.swift; path = ViewController.swift; sourceTree = "<group>"; };
		E76324622628331F00F0598B /* Base */ = {isa = PBXFileReference; lastKnownFileType = file.storyboard; name = Base; path = Base.lproj/Main.storyboard; sourceTree = "<group>"; };
		E76324642628331F00F0598B /* Assets.xcassets */ = {isa = PBXFileReference; lastKnownFileType = folder.assetcatalog; path = Assets.xcassets; sourceTree = "<group>"; };
		E76324672628331F00F0598B /* Base */ = {isa = PBXFileReference; lastKnownFileType = file.storyboard; name = Base; path = Base.lproj/LaunchScreen.storyboard; sourceTree = "<group>"; };
		E76324692628331F00F0598B /* Info.plist */ = {isa = PBXFileReference; lastKnownFileType = text.plist.xml; path = Info.plist; sourceTree = "<group>"; };
		E763247F2628524500F0598B /* APIManager.swift */ = {isa = PBXFileReference; lastKnownFileType = sourcecode.swift; path = APIManager.swift; sourceTree = "<group>"; };
		E76324822628529600F0598B /* MusicModel.swift */ = {isa = PBXFileReference; lastKnownFileType = sourcecode.swift; path = MusicModel.swift; sourceTree = "<group>"; };
		E76324922628534100F0598B /* Constants.swift */ = {isa = PBXFileReference; lastKnownFileType = sourcecode.swift; path = Constants.swift; sourceTree = "<group>"; };
		E763249826285A6D00F0598B /* Global.swift */ = {isa = PBXFileReference; lastKnownFileType = sourcecode.swift; path = Global.swift; sourceTree = "<group>"; };
		E763249B26286B8900F0598B /* MusicListViewController.swift */ = {isa = PBXFileReference; lastKnownFileType = sourcecode.swift; path = MusicListViewController.swift; sourceTree = "<group>"; };
		E896348B91FAC64DC70ACD8B /* Pods_Music_API.framework */ = {isa = PBXFileReference; explicitFileType = wrapper.framework; includeInIndex = 0; path = Pods_Music_API.framework; sourceTree = BUILT_PRODUCTS_DIR; };
/* End PBXFileReference section */

/* Begin PBXFrameworksBuildPhase section */
		E76324552628331E00F0598B /* Frameworks */ = {
			isa = PBXFrameworksBuildPhase;
			buildActionMask = 2147483647;
			files = (
				7DBA6E4E1BB95FC1ED20DE1E /* Pods_Music_API.framework in Frameworks */,
			);
			runOnlyForDeploymentPostprocessing = 0;
		};
/* End PBXFrameworksBuildPhase section */

/* Begin PBXGroup section */
		3CA69F65A48C535437239EAF /* Pods */ = {
			isa = PBXGroup;
			children = (
				8B18F43BF85BFD161D198F94 /* Pods-Music_API.debug.xcconfig */,
				9AAD79AB39B1D35733ED1E53 /* Pods-Music_API.release.xcconfig */,
			);
			path = Pods;
			sourceTree = "<group>";
		};
		C2619AC4E87C013CAB67B400 /* Frameworks */ = {
			isa = PBXGroup;
			children = (
				E896348B91FAC64DC70ACD8B /* Pods_Music_API.framework */,
			);
			name = Frameworks;
			sourceTree = "<group>";
		};
		E763244F2628331E00F0598B = {
			isa = PBXGroup;
			children = (
				E763245A2628331E00F0598B /* Music_API */,
				E76324592628331E00F0598B /* Products */,
				3CA69F65A48C535437239EAF /* Pods */,
				C2619AC4E87C013CAB67B400 /* Frameworks */,
			);
			sourceTree = "<group>";
		};
		E76324592628331E00F0598B /* Products */ = {
			isa = PBXGroup;
			children = (
				E76324582628331E00F0598B /* Music_API.app */,
			);
			name = Products;
			sourceTree = "<group>";
		};
		E763245A2628331E00F0598B /* Music_API */ = {
			isa = PBXGroup;
			children = (
				E76324752628383D00F0598B /* Delegates */,
				E76324922628534100F0598B /* Constants.swift */,
				E763249726285A5700F0598B /* APIManager */,
				E763247E2628522C00F0598B /* Global */,
				E76324852628529A00F0598B /* Models */,
				E763247A2628385100F0598B /* Views */,
				E76324782628384500F0598B /* Controllers */,
				E76324642628331F00F0598B /* Assets.xcassets */,
				E76324692628331F00F0598B /* Info.plist */,
			);
			path = Music_API;
			sourceTree = "<group>";
		};
		E76324752628383D00F0598B /* Delegates */ = {
			isa = PBXGroup;
			children = (
				E763245B2628331E00F0598B /* AppDelegate.swift */,
				E763245D2628331E00F0598B /* SceneDelegate.swift */,
			);
			path = Delegates;
			sourceTree = "<group>";
		};
		E76324782628384500F0598B /* Controllers */ = {
			isa = PBXGroup;
			children = (
				E763245F2628331F00F0598B /* ViewController.swift */,
				E763249B26286B8900F0598B /* MusicListViewController.swift */,
			);
			path = Controllers;
			sourceTree = "<group>";
		};
		E763247A2628385100F0598B /* Views */ = {
			isa = PBXGroup;
			children = (
				E76324612628331F00F0598B /* Main.storyboard */,
				E76324662628331F00F0598B /* LaunchScreen.storyboard */,
			);
			path = Views;
			sourceTree = "<group>";
		};
		E763247E2628522C00F0598B /* Global */ = {
			isa = PBXGroup;
			children = (
				E763249826285A6D00F0598B /* Global.swift */,
			);
			path = Global;
			sourceTree = "<group>";
		};
		E76324852628529A00F0598B /* Models */ = {
			isa = PBXGroup;
			children = (
				E76324822628529600F0598B /* MusicModel.swift */,
			);
			path = Models;
			sourceTree = "<group>";
		};
		E763249726285A5700F0598B /* APIManager */ = {
			isa = PBXGroup;
			children = (
				E763247F2628524500F0598B /* APIManager.swift */,
			);
			path = APIManager;
			sourceTree = "<group>";
		};
/* End PBXGroup section */

/* Begin PBXNativeTarget section */
		E76324572628331E00F0598B /* Music_API */ = {
			isa = PBXNativeTarget;
			buildConfigurationList = E763246C2628331F00F0598B /* Build configuration list for PBXNativeTarget "Music_API" */;
			buildPhases = (
				C9E5F80C89FC49DC283A2718 /* [CP] Check Pods Manifest.lock */,
				E76324542628331E00F0598B /* Sources */,
				E76324552628331E00F0598B /* Frameworks */,
				E76324562628331E00F0598B /* Resources */,
				0531286A621F2FDD63EF29FC /* [CP] Embed Pods Frameworks */,
			);
			buildRules = (
			);
			dependencies = (
			);
			name = Music_API;
			productName = Music_API;
			productReference = E76324582628331E00F0598B /* Music_API.app */;
			productType = "com.apple.product-type.application";
		};
/* End PBXNativeTarget section */

/* Begin PBXProject section */
		E76324502628331E00F0598B /* Project object */ = {
			isa = PBXProject;
			attributes = {
				LastSwiftUpdateCheck = 1220;
				LastUpgradeCheck = 1220;
				TargetAttributes = {
					E76324572628331E00F0598B = {
						CreatedOnToolsVersion = 12.2;
					};
				};
			};
			buildConfigurationList = E76324532628331E00F0598B /* Build configuration list for PBXProject "Music_API" */;
			compatibilityVersion = "Xcode 9.3";
			developmentRegion = en;
			hasScannedForEncodings = 0;
			knownRegions = (
				en,
				Base,
			);
			mainGroup = E763244F2628331E00F0598B;
			productRefGroup = E76324592628331E00F0598B /* Products */;
			projectDirPath = "";
			projectRoot = "";
			targets = (
				E76324572628331E00F0598B /* Music_API */,
			);
		};
/* End PBXProject section */

/* Begin PBXResourcesBuildPhase section */
		E76324562628331E00F0598B /* Resources */ = {
			isa = PBXResourcesBuildPhase;
			buildActionMask = 2147483647;
			files = (
				E76324682628331F00F0598B /* LaunchScreen.storyboard in Resources */,
				E76324652628331F00F0598B /* Assets.xcassets in Resources */,
				E76324632628331F00F0598B /* Main.storyboard in Resources */,
			);
			runOnlyForDeploymentPostprocessing = 0;
		};
/* End PBXResourcesBuildPhase section */

/* Begin PBXShellScriptBuildPhase section */
		0531286A621F2FDD63EF29FC /* [CP] Embed Pods Frameworks */ = {
			isa = PBXShellScriptBuildPhase;
			buildActionMask = 2147483647;
			files = (
			);
			inputFileListPaths = (
				"${PODS_ROOT}/Target Support Files/Pods-Music_API/Pods-Music_API-frameworks-${CONFIGURATION}-input-files.xcfilelist",
			);
			name = "[CP] Embed Pods Frameworks";
			outputFileListPaths = (
				"${PODS_ROOT}/Target Support Files/Pods-Music_API/Pods-Music_API-frameworks-${CONFIGURATION}-output-files.xcfilelist",
			);
			runOnlyForDeploymentPostprocessing = 0;
			shellPath = /bin/sh;
			shellScript = "\"${PODS_ROOT}/Target Support Files/Pods-Music_API/Pods-Music_API-frameworks.sh\"\n";
			showEnvVarsInLog = 0;
		};
		C9E5F80C89FC49DC283A2718 /* [CP] Check Pods Manifest.lock */ = {
			isa = PBXShellScriptBuildPhase;
			buildActionMask = 2147483647;
			files = (
			);
			inputFileListPaths = (
			);
			inputPaths = (
				"${PODS_PODFILE_DIR_PATH}/Podfile.lock",
				"${PODS_ROOT}/Manifest.lock",
			);
			name = "[CP] Check Pods Manifest.lock";
			outputFileListPaths = (
			);
			outputPaths = (
				"$(DERIVED_FILE_DIR)/Pods-Music_API-checkManifestLockResult.txt",
			);
			runOnlyForDeploymentPostprocessing = 0;
			shellPath = /bin/sh;
			shellScript = "diff \"${PODS_PODFILE_DIR_PATH}/Podfile.lock\" \"${PODS_ROOT}/Manifest.lock\" > /dev/null\nif [ $? != 0 ] ; then\n    # print error to STDERR\n    echo \"error: The sandbox is not in sync with the Podfile.lock. Run 'pod install' or update your CocoaPods installation.\" >&2\n    exit 1\nfi\n# This output is used by Xcode 'outputs' to avoid re-running this script phase.\necho \"SUCCESS\" > \"${SCRIPT_OUTPUT_FILE_0}\"\n";
			showEnvVarsInLog = 0;
		};
/* End PBXShellScriptBuildPhase section */

/* Begin PBXSourcesBuildPhase section */
		E76324542628331E00F0598B /* Sources */ = {
			isa = PBXSourcesBuildPhase;
			buildActionMask = 2147483647;
			files = (
				E76324802628524500F0598B /* APIManager.swift in Sources */,
				E76324602628331F00F0598B /* ViewController.swift in Sources */,
				E763245C2628331E00F0598B /* AppDelegate.swift in Sources */,
				E76324832628529600F0598B /* MusicModel.swift in Sources */,
				E763249C26286B8900F0598B /* MusicListViewController.swift in Sources */,
				E763245E2628331F00F0598B /* SceneDelegate.swift in Sources */,
				E76324932628534100F0598B /* Constants.swift in Sources */,
				E763249926285A6D00F0598B /* Global.swift in Sources */,
			);
			runOnlyForDeploymentPostprocessing = 0;
		};
/* End PBXSourcesBuildPhase section */

/* Begin PBXVariantGroup section */
		E76324612628331F00F0598B /* Main.storyboard */ = {
			isa = PBXVariantGroup;
			children = (
				E76324622628331F00F0598B /* Base */,
			);
			name = Main.storyboard;
			sourceTree = "<group>";
		};
		E76324662628331F00F0598B /* LaunchScreen.storyboard */ = {
			isa = PBXVariantGroup;
			children = (
				E76324672628331F00F0598B /* Base */,
			);
			name = LaunchScreen.storyboard;
			sourceTree = "<group>";
		};
/* End PBXVariantGroup section */

/* Begin XCBuildConfiguration section */
		E763246A2628331F00F0598B /* Debug */ = {
			isa = XCBuildConfiguration;
			buildSettings = {
				ALWAYS_SEARCH_USER_PATHS = NO;
				CLANG_ANALYZER_NONNULL = YES;
				CLANG_ANALYZER_NUMBER_OBJECT_CONVERSION = YES_AGGRESSIVE;
				CLANG_CXX_LANGUAGE_STANDARD = "gnu++14";
				CLANG_CXX_LIBRARY = "libc++";
				CLANG_ENABLE_MODULES = YES;
				CLANG_ENABLE_OBJC_ARC = YES;
				CLANG_ENABLE_OBJC_WEAK = YES;
				CLANG_WARN_BLOCK_CAPTURE_AUTORELEASING = YES;
				CLANG_WARN_BOOL_CONVERSION = YES;
				CLANG_WARN_COMMA = YES;
				CLANG_WARN_CONSTANT_CONVERSION = YES;
				CLANG_WARN_DEPRECATED_OBJC_IMPLEMENTATIONS = YES;
				CLANG_WARN_DIRECT_OBJC_ISA_USAGE = YES_ERROR;
				CLANG_WARN_DOCUMENTATION_COMMENTS = YES;
				CLANG_WARN_EMPTY_BODY = YES;
				CLANG_WARN_ENUM_CONVERSION = YES;
				CLANG_WARN_INFINITE_RECURSION = YES;
				CLANG_WARN_INT_CONVERSION = YES;
				CLANG_WARN_NON_LITERAL_NULL_CONVERSION = YES;
				CLANG_WARN_OBJC_IMPLICIT_RETAIN_SELF = YES;
				CLANG_WARN_OBJC_LITERAL_CONVERSION = YES;
				CLANG_WARN_OBJC_ROOT_CLASS = YES_ERROR;
				CLANG_WARN_QUOTED_INCLUDE_IN_FRAMEWORK_HEADER = YES;
				CLANG_WARN_RANGE_LOOP_ANALYSIS = YES;
				CLANG_WARN_STRICT_PROTOTYPES = YES;
				CLANG_WARN_SUSPICIOUS_MOVE = YES;
				CLANG_WARN_UNGUARDED_AVAILABILITY = YES_AGGRESSIVE;
				CLANG_WARN_UNREACHABLE_CODE = YES;
				CLANG_WARN__DUPLICATE_METHOD_MATCH = YES;
				COPY_PHASE_STRIP = NO;
				DEBUG_INFORMATION_FORMAT = dwarf;
				ENABLE_STRICT_OBJC_MSGSEND = YES;
				ENABLE_TESTABILITY = YES;
				GCC_C_LANGUAGE_STANDARD = gnu11;
				GCC_DYNAMIC_NO_PIC = NO;
				GCC_NO_COMMON_BLOCKS = YES;
				GCC_OPTIMIZATION_LEVEL = 0;
				GCC_PREPROCESSOR_DEFINITIONS = (
					"DEBUG=1",
					"$(inherited)",
				);
				GCC_WARN_64_TO_32_BIT_CONVERSION = YES;
				GCC_WARN_ABOUT_RETURN_TYPE = YES_ERROR;
				GCC_WARN_UNDECLARED_SELECTOR = YES;
				GCC_WARN_UNINITIALIZED_AUTOS = YES_AGGRESSIVE;
				GCC_WARN_UNUSED_FUNCTION = YES;
				GCC_WARN_UNUSED_VARIABLE = YES;
				IPHONEOS_DEPLOYMENT_TARGET = 14.2;
				MTL_ENABLE_DEBUG_INFO = INCLUDE_SOURCE;
				MTL_FAST_MATH = YES;
				ONLY_ACTIVE_ARCH = YES;
				SDKROOT = iphoneos;
				SWIFT_ACTIVE_COMPILATION_CONDITIONS = DEBUG;
				SWIFT_OPTIMIZATION_LEVEL = "-Onone";
			};
			name = Debug;
		};
		E763246B2628331F00F0598B /* Release */ = {
			isa = XCBuildConfiguration;
			buildSettings = {
				ALWAYS_SEARCH_USER_PATHS = NO;
				CLANG_ANALYZER_NONNULL = YES;
				CLANG_ANALYZER_NUMBER_OBJECT_CONVERSION = YES_AGGRESSIVE;
				CLANG_CXX_LANGUAGE_STANDARD = "gnu++14";
				CLANG_CXX_LIBRARY = "libc++";
				CLANG_ENABLE_MODULES = YES;
				CLANG_ENABLE_OBJC_ARC = YES;
				CLANG_ENABLE_OBJC_WEAK = YES;
				CLANG_WARN_BLOCK_CAPTURE_AUTORELEASING = YES;
				CLANG_WARN_BOOL_CONVERSION = YES;
				CLANG_WARN_COMMA = YES;
				CLANG_WARN_CONSTANT_CONVERSION = YES;
				CLANG_WARN_DEPRECATED_OBJC_IMPLEMENTATIONS = YES;
				CLANG_WARN_DIRECT_OBJC_ISA_USAGE = YES_ERROR;
				CLANG_WARN_DOCUMENTATION_COMMENTS = YES;
				CLANG_WARN_EMPTY_BODY = YES;
				CLANG_WARN_ENUM_CONVERSION = YES;
				CLANG_WARN_INFINITE_RECURSION = YES;
				CLANG_WARN_INT_CONVERSION = YES;
				CLANG_WARN_NON_LITERAL_NULL_CONVERSION = YES;
				CLANG_WARN_OBJC_IMPLICIT_RETAIN_SELF = YES;
				CLANG_WARN_OBJC_LITERAL_CONVERSION = YES;
				CLANG_WARN_OBJC_ROOT_CLASS = YES_ERROR;
				CLANG_WARN_QUOTED_INCLUDE_IN_FRAMEWORK_HEADER = YES;
				CLANG_WARN_RANGE_LOOP_ANALYSIS = YES;
				CLANG_WARN_STRICT_PROTOTYPES = YES;
				CLANG_WARN_SUSPICIOUS_MOVE = YES;
				CLANG_WARN_UNGUARDED_AVAILABILITY = YES_AGGRESSIVE;
				CLANG_WARN_UNREACHABLE_CODE = YES;
				CLANG_WARN__DUPLICATE_METHOD_MATCH = YES;
				COPY_PHASE_STRIP = NO;
				DEBUG_INFORMATION_FORMAT = "dwarf-with-dsym";
				ENABLE_NS_ASSERTIONS = NO;
				ENABLE_STRICT_OBJC_MSGSEND = YES;
				GCC_C_LANGUAGE_STANDARD = gnu11;
				GCC_NO_COMMON_BLOCKS = YES;
				GCC_WARN_64_TO_32_BIT_CONVERSION = YES;
				GCC_WARN_ABOUT_RETURN_TYPE = YES_ERROR;
				GCC_WARN_UNDECLARED_SELECTOR = YES;
				GCC_WARN_UNINITIALIZED_AUTOS = YES_AGGRESSIVE;
				GCC_WARN_UNUSED_FUNCTION = YES;
				GCC_WARN_UNUSED_VARIABLE = YES;
				IPHONEOS_DEPLOYMENT_TARGET = 14.2;
				MTL_ENABLE_DEBUG_INFO = NO;
				MTL_FAST_MATH = YES;
				SDKROOT = iphoneos;
				SWIFT_COMPILATION_MODE = wholemodule;
				SWIFT_OPTIMIZATION_LEVEL = "-O";
				VALIDATE_PRODUCT = YES;
			};
			name = Release;
		};
		E763246D2628331F00F0598B /* Debug */ = {
			isa = XCBuildConfiguration;
			baseConfigurationReference = 8B18F43BF85BFD161D198F94 /* Pods-Music_API.debug.xcconfig */;
			buildSettings = {
				ASSETCATALOG_COMPILER_APPICON_NAME = AppIcon;
				ASSETCATALOG_COMPILER_GLOBAL_ACCENT_COLOR_NAME = AccentColor;
				CODE_SIGN_STYLE = Automatic;
				DEVELOPMENT_TEAM = 2T7ZWU24QF;
				INFOPLIST_FILE = Music_API/Info.plist;
				LD_RUNPATH_SEARCH_PATHS = (
					"$(inherited)",
					"@executable_path/Frameworks",
				);
				PRODUCT_BUNDLE_IDENTIFIER = "com.codewithnaveen.Music-API";
				PRODUCT_NAME = "$(TARGET_NAME)";
				SWIFT_VERSION = 5.0;
				TARGETED_DEVICE_FAMILY = "1,2";
			};
			name = Debug;
		};
		E763246E2628331F00F0598B /* Release */ = {
			isa = XCBuildConfiguration;
			baseConfigurationReference = 9AAD79AB39B1D35733ED1E53 /* Pods-Music_API.release.xcconfig */;
			buildSettings = {
				ASSETCATALOG_COMPILER_APPICON_NAME = AppIcon;
				ASSETCATALOG_COMPILER_GLOBAL_ACCENT_COLOR_NAME = AccentColor;
				CODE_SIGN_STYLE = Automatic;
				DEVELOPMENT_TEAM = 2T7ZWU24QF;
				INFOPLIST_FILE = Music_API/Info.plist;
				LD_RUNPATH_SEARCH_PATHS = (
					"$(inherited)",
					"@executable_path/Frameworks",
				);
				PRODUCT_BUNDLE_IDENTIFIER = "com.codewithnaveen.Music-API";
				PRODUCT_NAME = "$(TARGET_NAME)";
				SWIFT_VERSION = 5.0;
				TARGETED_DEVICE_FAMILY = "1,2";
			};
			name = Release;
		};
/* End XCBuildConfiguration section */

/* Begin XCConfigurationList section */
		E76324532628331E00F0598B /* Build configuration list for PBXProject "Music_API" */ = {
			isa = XCConfigurationList;
			buildConfigurations = (
				E763246A2628331F00F0598B /* Debug */,
				E763246B2628331F00F0598B /* Release */,
			);
			defaultConfigurationIsVisible = 0;
			defaultConfigurationName = Release;
		};
		E763246C2628331F00F0598B /* Build configuration list for PBXNativeTarget "Music_API" */ = {
			isa = XCConfigurationList;
			buildConfigurations = (
				E763246D2628331F00F0598B /* Debug */,
				E763246E2628331F00F0598B /* Release */,
			);
			defaultConfigurationIsVisible = 0;
			defaultConfigurationName = Release;
		};
/* End XCConfigurationList section */
	};
	rootObject = E76324502628331E00F0598B /* Project object */;
}
